<?xml version="1.0" encoding="utf-8"?>
<Project ToolsVersion="4.0" xmlns="http://schemas.microsoft.com/developer/msbuild/2003">
  <ItemGroup>
    <Filter Include="Source Files">
      <UniqueIdentifier>{4FC737F1-C7A5-4376-A066-2A32D752A2FF}</UniqueIdentifier>
      <Extensions>qml;cpp;c;cc;cxx;def;odl;idl;hpj;bat;asm;asmx</Extensions>
    </Filter>
    <Filter Include="Header Files">
      <UniqueIdentifier>{93995380-89BD-4b04-88EB-625FBE52EBFB}</UniqueIdentifier>
      <Extensions>h;hh;hpp;hxx;hm;inl;inc;xsd</Extensions>
    </Filter>
    <Filter Include="Resource Files">
      <UniqueIdentifier>{67DA6AB6-F800-4c08-8B7A-83BB121AAD01}</UniqueIdentifier>
      <Extensions>qrc;rc;ico;cur;bmp;dlg;rc2;rct;bin;rgs;gif;jpg;jpeg;jpe;resx;tiff;tif;png;wav;mfcribbon-ms</Extensions>
    </Filter>
    <Filter Include="Form Files">
      <UniqueIdentifier>{99349809-55BA-4b9d-BF79-8FDBB0286EB3}</UniqueIdentifier>
      <Extensions>ui</Extensions>
    </Filter>
    <Filter Include="Translation Files">
      <UniqueIdentifier>{639EADAA-A684-42e4-A9AD-28FC9BCB8F7C}</UniqueIdentifier>
      <Extensions>ts</Extensions>
    </Filter>
  </ItemGroup>
  <ItemGroup>
    <QtRcc Include="Qtprojecto.qrc">
      <Filter>Resource Files</Filter>
    </QtRcc>
    <QtUic Include="Qtprojecto.ui">
      <Filter>Form Files</Filter>
    </QtUic>
    <QtMoc Include="Qtprojecto.h">
      <Filter>Header Files</Filter>
    </QtMoc>
    <ClCompile Include="Qtprojecto.cpp">
      <Filter>Source Files</Filter>
    </ClCompile>
  </ItemGroup>
  <ItemGroup>
    <ClCompile Include="main.cpp">
      <Filter>Source Files</Filter>
    </ClCompile>
    <ClCompile Include="welcome.cpp">
      <Filter>Source Files</Filter>
    </ClCompile>
    <ClCompile Include="QtAirport.cpp">
      <Filter>Source Files</Filter>
    </ClCompile>
    <ClCompile Include="Qtags.cpp">
      <Filter>Source Files</Filter>
    </ClCompile>
    <ClCompile Include="login.cpp">
      <Filter>Source Files</Filter>
    </ClCompile>
    <ClCompile Include="adminPage.cpp">
      <Filter>Source Files</Filter>
    </ClCompile>
    <ClCompile Include="structs.cpp">
      <Filter>Source Files</Filter>
    </ClCompile>
    <ClCompile Include="password-handling.cpp">
      <Filter>Source Files</Filter>
    </ClCompile>
    <ClCompile Include="data_base.cpp">
      <Filter>Source Files</Filter>
    </ClCompile>
    <ClCompile Include="functions.cpp">
      <Filter>Source Files</Filter>
    </ClCompile>
    <ClCompile Include="signUpPage.cpp">
      <Filter>Source Files</Filter>
    </ClCompile>
    <ClCompile Include="paymentscreen.cpp">
      <Filter>Source Files</Filter>
    </ClCompile>
    <ClCompile Include="planedetails.cpp">
      <Filter>Source Files</Filter>
    </ClCompile>
    <ClCompile Include="scheduletable.cpp">
      <Filter>Source Files</Filter>
    </ClCompile>
    <ClCompile Include="userpage.cpp">
      <Filter>Source Files</Filter>
    </ClCompile>
    <ClCompile Include="AppController.cpp">
      <Filter>Source Files</Filter>
    </ClCompile>
  </ItemGroup>
  <ItemGroup>
    <QtUic Include="welcome.ui">
      <Filter>Form Files</Filter>
    </QtUic>
    <QtUic Include="Airport.ui">
      <Filter>Form Files</Filter>
    </QtUic>
    <QtUic Include="Qtags.ui">
      <Filter>Form Files</Filter>
    </QtUic>
    <QtUic Include="login.ui">
      <Filter>Form Files</Filter>
    </QtUic>
    <QtUic Include="adminPage.ui">
      <Filter>Form Files</Filter>
    </QtUic>
    <QtUic Include="signUpPage.ui">
      <Filter>Form Files</Filter>
    </QtUic>
    <QtUic Include="paymentscreen.ui">
      <Filter>Form Files</Filter>
    </QtUic>
    <QtUic Include="planedetails.ui">
      <Filter>Form Files</Filter>
    </QtUic>
    <QtUic Include="scheduletable.ui">
      <Filter>Form Files</Filter>
    </QtUic>
    <QtUic Include="userpage.ui">
      <Filter>Form Files</Filter>
    </QtUic>
    <QtUic Include="AppController.ui">
      <Filter>Form Files</Filter>
    </QtUic>
  </ItemGroup>
  <ItemGroup>
    <ClInclude Include="structs.h">
      <Filter>Header Files</Filter>
    </ClInclude>
    <ClInclude Include="password-handling.h">
      <Filter>Header Files</Filter>
    </ClInclude>
    <ClInclude Include="data_base.h">
      <Filter>Header Files</Filter>
    </ClInclude>
    <ClInclude Include="homemade-STLs.h">
      <Filter>Header Files</Filter>
    </ClInclude>
    <ClInclude Include="functions.h">
      <Filter>Header Files</Filter>
    </ClInclude>
    <ClInclude Include="enums.h">
      <Filter>Header Files</Filter>
    </ClInclude>
  </ItemGroup>
  <ItemGroup>
    <QtMoc Include="QtAirport.h">
      <Filter>Header Files</Filter>
    </QtMoc>
    <QtMoc Include="signUpPage.h">
      <Filter>Header Files</Filter>
    </QtMoc>
    <QtMoc Include="paymentscreen.h">
      <Filter>Header Files</Filter>
    </QtMoc>
    <QtMoc Include="planedetails.h">
      <Filter>Header Files</Filter>
    </QtMoc>
    <QtMoc Include="scheduletable.h">
      <Filter>Header Files</Filter>
    </QtMoc>
    <QtMoc Include="userpage.h">
      <Filter>Header Files</Filter>
    </QtMoc>
    <QtMoc Include="Qtags.h">
      <Filter>Header Files</Filter>
    </QtMoc>
    <QtMoc Include="welcome.h">
      <Filter>Header Files</Filter>
    </QtMoc>
    <QtMoc Include="login.h">
      <Filter>Header Files</Filter>
    </QtMoc>
    <QtMoc Include="adminPage.h">
      <Filter>Header Files</Filter>
    </QtMoc>
    <QtMoc Include="AppController.h">
      <Filter>Header Files</Filter>
    </QtMoc>
  </ItemGroup>
</Project>