<?xml version="1.0" encoding="utf-8"?>
<Project ToolsVersion="4.0" xmlns="http://schemas.microsoft.com/developer/msbuild/2003">
  <ItemGroup>
    <Filter Include="Source Files">
      <UniqueIdentifier>{4FC737F1-C7A5-4376-A066-2A32D752A2FF}</UniqueIdentifier>
      <Extensions>qml;cpp;c;cc;cxx;def;odl;idl;hpj;bat;asm;asmx</Extensions>
    </Filter>
    <Filter Include="Header Files">
      <UniqueIdentifier>{93995380-89BD-4b04-88EB-625FBE52EBFB}</UniqueIdentifier>
      <Extensions>h;hh;hpp;hxx;hm;inl;inc;xsd</Extensions>
    </Filter>
    <Filter Include="Resource Files">
      <UniqueIdentifier>{67DA6AB6-F800-4c08-8B7A-83BB121AAD01}</UniqueIdentifier>
      <Extensions>qrc;rc;ico;cur;bmp;dlg;rc2;rct;bin;rgs;gif;jpg;jpeg;jpe;resx;tiff;tif;png;wav;mfcribbon-ms</Extensions>
    </Filter>
    <Filter Include="Form Files">
      <UniqueIdentifier>{99349809-55BA-4b9d-BF79-8FDBB0286EB3}</UniqueIdentifier>
      <Extensions>ui</Extensions>
    </Filter>
    <Filter Include="Translation Files">
      <UniqueIdentifier>{639EADAA-A684-42e4-A9AD-28FC9BCB8F7C}</UniqueIdentifier>
      <Extensions>ts</Extensions>
    </Filter>
  </ItemGroup>
  <ItemGroup>
    <QtRcc Include="Teer_Enta_v10.qrc">
      <Filter>Resource Files</Filter>
    </QtRcc>
  </ItemGroup>
  <ItemGroup>
    <ClCompile Include="..\..\..\..\Desktop\Teer_Enta_v1.0\adminPage.cpp">
      <Filter>Source Files</Filter>
    </ClCompile>
    <ClCompile Include="..\..\..\..\Desktop\Teer_Enta_v1.0\AppController.cpp">
      <Filter>Source Files</Filter>
    </ClCompile>
    <ClCompile Include="..\..\..\..\Desktop\Teer_Enta_v1.0\bookingpage.cpp">
      <Filter>Source Files</Filter>
    </ClCompile>
    <ClCompile Include="..\..\..\..\Desktop\Teer_Enta_v1.0\data_base.cpp">
      <Filter>Source Files</Filter>
    </ClCompile>
    <ClCompile Include="..\..\..\..\Desktop\Teer_Enta_v1.0\functions.cpp">
      <Filter>Source Files</Filter>
    </ClCompile>
    <ClCompile Include="..\..\..\..\Desktop\Teer_Enta_v1.0\login.cpp">
      <Filter>Source Files</Filter>
    </ClCompile>
    <ClCompile Include="..\..\..\..\Desktop\Teer_Enta_v1.0\main.cpp">
      <Filter>Source Files</Filter>
    </ClCompile>
    <ClCompile Include="..\..\..\..\Desktop\Teer_Enta_v1.0\password-handling.cpp">
      <Filter>Source Files</Filter>
    </ClCompile>
    <ClCompile Include="..\..\..\..\Desktop\Teer_Enta_v1.0\paymentscreen.cpp">
      <Filter>Source Files</Filter>
    </ClCompile>
    <ClCompile Include="..\..\..\..\Desktop\Teer_Enta_v1.0\planedetails.cpp">
      <Filter>Source Files</Filter>
    </ClCompile>
    <ClCompile Include="..\..\..\..\Desktop\Teer_Enta_v1.0\Qtags.cpp">
      <Filter>Source Files</Filter>
    </ClCompile>
    <ClCompile Include="..\..\..\..\Desktop\Teer_Enta_v1.0\QtAirport.cpp">
      <Filter>Source Files</Filter>
    </ClCompile>
    <ClCompile Include="..\..\..\..\Desktop\Teer_Enta_v1.0\Qtprojecto.cpp">
      <Filter>Source Files</Filter>
    </ClCompile>
    <ClCompile Include="..\..\..\..\Desktop\Teer_Enta_v1.0\scheduletable.cpp">
      <Filter>Source Files</Filter>
    </ClCompile>
    <ClCompile Include="..\..\..\..\Desktop\Teer_Enta_v1.0\signUpPage.cpp">
      <Filter>Source Files</Filter>
    </ClCompile>
    <ClCompile Include="..\..\..\..\Desktop\Teer_Enta_v1.0\structs.cpp">
      <Filter>Source Files</Filter>
    </ClCompile>
    <ClCompile Include="..\..\..\..\Desktop\Teer_Enta_v1.0\userpage.cpp">
      <Filter>Source Files</Filter>
    </ClCompile>
    <ClCompile Include="..\..\..\..\Desktop\Teer_Enta_v1.0\welcome.cpp">
      <Filter>Source Files</Filter>
    </ClCompile>
  </ItemGroup>
  <ItemGroup>
    <QtMoc Include="..\..\..\..\Desktop\Teer_Enta_v1.0\adminPage.h">
      <Filter>Header Files</Filter>
    </QtMoc>
    <QtMoc Include="..\..\..\..\Desktop\Teer_Enta_v1.0\AppController.h">
      <Filter>Header Files</Filter>
    </QtMoc>
    <QtMoc Include="..\..\..\..\Desktop\Teer_Enta_v1.0\login.h">
      <Filter>Header Files</Filter>
    </QtMoc>
    <QtMoc Include="..\..\..\..\Desktop\Teer_Enta_v1.0\paymentscreen.h">
      <Filter>Header Files</Filter>
    </QtMoc>
    <QtMoc Include="..\..\..\..\Desktop\Teer_Enta_v1.0\planedetails.h">
      <Filter>Header Files</Filter>
    </QtMoc>
    <QtMoc Include="..\..\..\..\Desktop\Teer_Enta_v1.0\Qtags.h">
      <Filter>Header Files</Filter>
    </QtMoc>
    <QtMoc Include="..\..\..\..\Desktop\Teer_Enta_v1.0\QtAirport.h">
      <Filter>Header Files</Filter>
    </QtMoc>
    <QtMoc Include="..\..\..\..\Desktop\Teer_Enta_v1.0\Qtprojecto.h">
      <Filter>Header Files</Filter>
    </QtMoc>
    <QtMoc Include="..\..\..\..\Desktop\Teer_Enta_v1.0\scheduletable.h">
      <Filter>Header Files</Filter>
    </QtMoc>
    <QtMoc Include="..\..\..\..\Desktop\Teer_Enta_v1.0\signUpPage.h">
      <Filter>Header Files</Filter>
    </QtMoc>
    <QtMoc Include="..\..\..\..\Desktop\Teer_Enta_v1.0\userpage.h">
      <Filter>Header Files</Filter>
    </QtMoc>
    <QtMoc Include="..\..\..\..\Desktop\Teer_Enta_v1.0\welcome.h">
      <Filter>Header Files</Filter>
    </QtMoc>
    <QtMoc Include="..\..\..\..\Desktop\Teer_Enta_v1.0\bookingpage.h">
      <Filter>Header Files</Filter>
    </QtMoc>
  </ItemGroup>
  <ItemGroup>
    <ClInclude Include="..\..\..\..\Desktop\Teer_Enta_v1.0\data_base.h">
      <Filter>Header Files</Filter>
    </ClInclude>
    <ClInclude Include="..\..\..\..\Desktop\Teer_Enta_v1.0\enums.h">
      <Filter>Header Files</Filter>
    </ClInclude>
    <ClInclude Include="..\..\..\..\Desktop\Teer_Enta_v1.0\functions.h">
      <Filter>Header Files</Filter>
    </ClInclude>
    <ClInclude Include="..\..\..\..\Desktop\Teer_Enta_v1.0\homemade-STLs.h">
      <Filter>Header Files</Filter>
    </ClInclude>
    <ClInclude Include="..\..\..\..\Desktop\Teer_Enta_v1.0\password-handling.h">
      <Filter>Header Files</Filter>
    </ClInclude>
    <ClInclude Include="..\..\..\..\Desktop\Teer_Enta_v1.0\structs.h">
      <Filter>Header Files</Filter>
    </ClInclude>
  </ItemGroup>
  <ItemGroup>
    <QtUic Include="..\..\..\..\Desktop\Teer_Enta_v1.0\adminPage.ui">
      <Filter>Form Files</Filter>
    </QtUic>
    <QtUic Include="..\..\..\..\Desktop\Teer_Enta_v1.0\Airport.ui">
      <Filter>Form Files</Filter>
    </QtUic>
    <QtUic Include="..\..\..\..\Desktop\Teer_Enta_v1.0\AppController.ui">
      <Filter>Form Files</Filter>
    </QtUic>
    <QtUic Include="..\..\..\..\Desktop\Teer_Enta_v1.0\bookingpage.ui">
      <Filter>Form Files</Filter>
    </QtUic>
    <QtUic Include="..\..\..\..\Desktop\Teer_Enta_v1.0\login.ui">
      <Filter>Form Files</Filter>
    </QtUic>
    <QtUic Include="..\..\..\..\Desktop\Teer_Enta_v1.0\paymentscreen.ui">
      <Filter>Form Files</Filter>
    </QtUic>
    <QtUic Include="..\..\..\..\Desktop\Teer_Enta_v1.0\planedetails.ui">
      <Filter>Form Files</Filter>
    </QtUic>
    <QtUic Include="..\..\..\..\Desktop\Teer_Enta_v1.0\Qtags.ui">
      <Filter>Form Files</Filter>
    </QtUic>
    <QtUic Include="..\..\..\..\Desktop\Teer_Enta_v1.0\Qtprojecto.ui">
      <Filter>Form Files</Filter>
    </QtUic>
    <QtUic Include="..\..\..\..\Desktop\Teer_Enta_v1.0\scheduletable.ui">
      <Filter>Form Files</Filter>
    </QtUic>
    <QtUic Include="..\..\..\..\Desktop\Teer_Enta_v1.0\signUpPage.ui">
      <Filter>Form Files</Filter>
    </QtUic>
    <QtUic Include="..\..\..\..\Desktop\Teer_Enta_v1.0\userpage.ui">
      <Filter>Form Files</Filter>
    </QtUic>
    <QtUic Include="..\..\..\..\Desktop\Teer_Enta_v1.0\welcome.ui">
      <Filter>Form Files</Filter>
    </QtUic>
  </ItemGroup>
</Project>